
Microsoft Visual Studio Solution File, Format Version 12.00
# Visual Studio Version 17
VisualStudioVersion = 17.0.31903.59
MinimumVisualStudioVersion = 10.0.40219.1
Project("{FAE04EC0-301F-11D3-BF4B-00C04F79EFBC}") = "510-A", "510-A.csproj", "{823E5375-EE5C-440A-B05D-CF1E96BC6FA7}"
EndProject
Global
	GlobalSection(SolutionConfigurationPlatforms) = preSolution
		Debug|Any CPU = Debug|Any CPU
		Release|Any CPU = Release|Any CPU
	EndGlobalSection
	GlobalSection(SolutionProperties) = preSolution
		HideSolutionNode = FALSE
	EndGlobalSection
	GlobalSection(ProjectConfigurationPlatforms) = postSolution
		{823E5375-EE5C-440A-B05D-CF1E96BC6FA7}.Debug|Any CPU.ActiveCfg = Debug|Any CPU
		{823E5375-EE5C-440A-B05D-CF1E96BC6FA7}.Debug|Any CPU.Build.0 = Debug|Any CPU
		{823E5375-EE5C-440A-B05D-CF1E96BC6FA7}.Release|Any CPU.ActiveCfg = Release|Any CPU
		{823E5375-EE5C-440A-B05D-CF1E96BC6FA7}.Release|Any CPU.Build.0 = Release|Any CPU
	EndGlobalSection
EndGlobal
