
Microsoft Visual Studio Solution File, Format Version 12.00
# Visual Studio Version 17
VisualStudioVersion = 17.0.31903.59
MinimumVisualStudioVersion = 10.0.40219.1
Project("{FAE04EC0-301F-11D3-BF4B-00C04F79EFBC}") = "581-A", "581-A.csproj", "{570B33E9-1671-4639-9479-B5AFD1AD6F45}"
EndProject
Global
	GlobalSection(SolutionConfigurationPlatforms) = preSolution
		Debug|Any CPU = Debug|Any CPU
		Release|Any CPU = Release|Any CPU
	EndGlobalSection
	GlobalSection(SolutionProperties) = preSolution
		HideSolutionNode = FALSE
	EndGlobalSection
	GlobalSection(ProjectConfigurationPlatforms) = postSolution
		{570B33E9-1671-4639-9479-B5AFD1AD6F45}.Debug|Any CPU.ActiveCfg = Debug|Any CPU
		{570B33E9-1671-4639-9479-B5AFD1AD6F45}.Debug|Any CPU.Build.0 = Debug|Any CPU
		{570B33E9-1671-4639-9479-B5AFD1AD6F45}.Release|Any CPU.ActiveCfg = Release|Any CPU
		{570B33E9-1671-4639-9479-B5AFD1AD6F45}.Release|Any CPU.Build.0 = Release|Any CPU
	EndGlobalSection
EndGlobal
