
Microsoft Visual Studio Solution File, Format Version 12.00
# Visual Studio Version 17
VisualStudioVersion = 17.5.33414.496
MinimumVisualStudioVersion = 10.0.40219.1
Project("{9A19103F-16F7-4668-BE54-9A1E7A4F7556}") = "p_00", "p_00\p_00.csproj", "{ADB471DE-1246-4E69-B900-6EBB4823345F}"
EndProject
Project("{9A19103F-16F7-4668-BE54-9A1E7A4F7556}") = "p_01", "p_01\p_01.csproj", "{80FB5C5F-9F00-4A06-A8E0-5A3E8F38C14A}"
EndProject
Project("{9A19103F-16F7-4668-BE54-9A1E7A4F7556}") = "p_02", "p_02\p_02.csproj", "{EFA73797-33A6-48B3-A4EA-3EB9346ED412}"
EndProject
Project("{9A19103F-16F7-4668-BE54-9A1E7A4F7556}") = "p_03", "p_03\p_03.csproj", "{2D6324C0-5F71-4E3B-A42A-112307B79BF5}"
EndProject
Project("{9A19103F-16F7-4668-BE54-9A1E7A4F7556}") = "p_o4", "p_o4\p_o4.csproj", "{E156B8AA-F1E8-440F-8D6F-93A8B9521A37}"
EndProject
Project("{9A19103F-16F7-4668-BE54-9A1E7A4F7556}") = "p_05", "p_05\p_05.csproj", "{B1BA9594-C215-4183-A337-A56DAD8708EF}"
EndProject
Project("{9A19103F-16F7-4668-BE54-9A1E7A4F7556}") = "p_06", "p_06\p_06.csproj", "{4B96F442-3CDD-4B77-8831-2A078E0C25C2}"
EndProject
Project("{9A19103F-16F7-4668-BE54-9A1E7A4F7556}") = "p_07", "p_07\p_07.csproj", "{A3121430-83F9-416B-9032-E6B5E73A2A7F}"
EndProject
Project("{9A19103F-16F7-4668-BE54-9A1E7A4F7556}") = "p_08", "p_08\p_08.csproj", "{DB8740D3-3F1D-4996-B9CE-D0D5E175D0C1}"
EndProject
Project("{FAE04EC0-301F-11D3-BF4B-00C04F79EFBC}") = "p_09", "p_09\p_09.csproj", "{B33C1492-F982-4AE6-B1CD-9256F803BA4F}"
EndProject
Project("{FAE04EC0-301F-11D3-BF4B-00C04F79EFBC}") = "p_10", "p_10\p_10.csproj", "{06D3E5A8-F856-4578-899F-4CD827D20E6B}"
EndProject
Project("{FAE04EC0-301F-11D3-BF4B-00C04F79EFBC}") = "p_11", "p_11\p_11.csproj", "{694C0143-16A9-42CF-88E5-8436CC6FE4F9}"
EndProject
Project("{FAE04EC0-301F-11D3-BF4B-00C04F79EFBC}") = "p_12", "p_12\p_12.csproj", "{7DBFACCA-893A-462E-8AE7-8EBE8739EDC7}"
EndProject
Global
	GlobalSection(SolutionConfigurationPlatforms) = preSolution
		Debug|Any CPU = Debug|Any CPU
		Release|Any CPU = Release|Any CPU
	EndGlobalSection
	GlobalSection(ProjectConfigurationPlatforms) = postSolution
		{ADB471DE-1246-4E69-B900-6EBB4823345F}.Debug|Any CPU.ActiveCfg = Debug|Any CPU
		{ADB471DE-1246-4E69-B900-6EBB4823345F}.Debug|Any CPU.Build.0 = Debug|Any CPU
		{ADB471DE-1246-4E69-B900-6EBB4823345F}.Release|Any CPU.ActiveCfg = Release|Any CPU
		{ADB471DE-1246-4E69-B900-6EBB4823345F}.Release|Any CPU.Build.0 = Release|Any CPU
		{80FB5C5F-9F00-4A06-A8E0-5A3E8F38C14A}.Debug|Any CPU.ActiveCfg = Debug|Any CPU
		{80FB5C5F-9F00-4A06-A8E0-5A3E8F38C14A}.Debug|Any CPU.Build.0 = Debug|Any CPU
		{80FB5C5F-9F00-4A06-A8E0-5A3E8F38C14A}.Release|Any CPU.ActiveCfg = Release|Any CPU
		{80FB5C5F-9F00-4A06-A8E0-5A3E8F38C14A}.Release|Any CPU.Build.0 = Release|Any CPU
		{EFA73797-33A6-48B3-A4EA-3EB9346ED412}.Debug|Any CPU.ActiveCfg = Debug|Any CPU
		{EFA73797-33A6-48B3-A4EA-3EB9346ED412}.Debug|Any CPU.Build.0 = Debug|Any CPU
		{EFA73797-33A6-48B3-A4EA-3EB9346ED412}.Release|Any CPU.ActiveCfg = Release|Any CPU
		{EFA73797-33A6-48B3-A4EA-3EB9346ED412}.Release|Any CPU.Build.0 = Release|Any CPU
		{2D6324C0-5F71-4E3B-A42A-112307B79BF5}.Debug|Any CPU.ActiveCfg = Debug|Any CPU
		{2D6324C0-5F71-4E3B-A42A-112307B79BF5}.Debug|Any CPU.Build.0 = Debug|Any CPU
		{2D6324C0-5F71-4E3B-A42A-112307B79BF5}.Release|Any CPU.ActiveCfg = Release|Any CPU
		{2D6324C0-5F71-4E3B-A42A-112307B79BF5}.Release|Any CPU.Build.0 = Release|Any CPU
		{E156B8AA-F1E8-440F-8D6F-93A8B9521A37}.Debug|Any CPU.ActiveCfg = Debug|Any CPU
		{E156B8AA-F1E8-440F-8D6F-93A8B9521A37}.Debug|Any CPU.Build.0 = Debug|Any CPU
		{E156B8AA-F1E8-440F-8D6F-93A8B9521A37}.Release|Any CPU.ActiveCfg = Release|Any CPU
		{E156B8AA-F1E8-440F-8D6F-93A8B9521A37}.Release|Any CPU.Build.0 = Release|Any CPU
		{B1BA9594-C215-4183-A337-A56DAD8708EF}.Debug|Any CPU.ActiveCfg = Debug|Any CPU
		{B1BA9594-C215-4183-A337-A56DAD8708EF}.Debug|Any CPU.Build.0 = Debug|Any CPU
		{B1BA9594-C215-4183-A337-A56DAD8708EF}.Release|Any CPU.ActiveCfg = Release|Any CPU
		{B1BA9594-C215-4183-A337-A56DAD8708EF}.Release|Any CPU.Build.0 = Release|Any CPU
		{4B96F442-3CDD-4B77-8831-2A078E0C25C2}.Debug|Any CPU.ActiveCfg = Debug|Any CPU
		{4B96F442-3CDD-4B77-8831-2A078E0C25C2}.Debug|Any CPU.Build.0 = Debug|Any CPU
		{4B96F442-3CDD-4B77-8831-2A078E0C25C2}.Release|Any CPU.ActiveCfg = Release|Any CPU
		{4B96F442-3CDD-4B77-8831-2A078E0C25C2}.Release|Any CPU.Build.0 = Release|Any CPU
		{A3121430-83F9-416B-9032-E6B5E73A2A7F}.Debug|Any CPU.ActiveCfg = Debug|Any CPU
		{A3121430-83F9-416B-9032-E6B5E73A2A7F}.Debug|Any CPU.Build.0 = Debug|Any CPU
		{A3121430-83F9-416B-9032-E6B5E73A2A7F}.Release|Any CPU.ActiveCfg = Release|Any CPU
		{A3121430-83F9-416B-9032-E6B5E73A2A7F}.Release|Any CPU.Build.0 = Release|Any CPU
		{DB8740D3-3F1D-4996-B9CE-D0D5E175D0C1}.Debug|Any CPU.ActiveCfg = Debug|Any CPU
		{DB8740D3-3F1D-4996-B9CE-D0D5E175D0C1}.Debug|Any CPU.Build.0 = Debug|Any CPU
		{DB8740D3-3F1D-4996-B9CE-D0D5E175D0C1}.Release|Any CPU.ActiveCfg = Release|Any CPU
		{DB8740D3-3F1D-4996-B9CE-D0D5E175D0C1}.Release|Any CPU.Build.0 = Release|Any CPU
		{B33C1492-F982-4AE6-B1CD-9256F803BA4F}.Debug|Any CPU.ActiveCfg = Debug|Any CPU
		{B33C1492-F982-4AE6-B1CD-9256F803BA4F}.Debug|Any CPU.Build.0 = Debug|Any CPU
		{B33C1492-F982-4AE6-B1CD-9256F803BA4F}.Release|Any CPU.ActiveCfg = Release|Any CPU
		{B33C1492-F982-4AE6-B1CD-9256F803BA4F}.Release|Any CPU.Build.0 = Release|Any CPU
		{06D3E5A8-F856-4578-899F-4CD827D20E6B}.Debug|Any CPU.ActiveCfg = Debug|Any CPU
		{06D3E5A8-F856-4578-899F-4CD827D20E6B}.Debug|Any CPU.Build.0 = Debug|Any CPU
		{06D3E5A8-F856-4578-899F-4CD827D20E6B}.Release|Any CPU.ActiveCfg = Release|Any CPU
		{06D3E5A8-F856-4578-899F-4CD827D20E6B}.Release|Any CPU.Build.0 = Release|Any CPU
		{694C0143-16A9-42CF-88E5-8436CC6FE4F9}.Debug|Any CPU.ActiveCfg = Debug|Any CPU
		{694C0143-16A9-42CF-88E5-8436CC6FE4F9}.Debug|Any CPU.Build.0 = Debug|Any CPU
		{694C0143-16A9-42CF-88E5-8436CC6FE4F9}.Release|Any CPU.ActiveCfg = Release|Any CPU
		{694C0143-16A9-42CF-88E5-8436CC6FE4F9}.Release|Any CPU.Build.0 = Release|Any CPU
		{7DBFACCA-893A-462E-8AE7-8EBE8739EDC7}.Debug|Any CPU.ActiveCfg = Debug|Any CPU
		{7DBFACCA-893A-462E-8AE7-8EBE8739EDC7}.Debug|Any CPU.Build.0 = Debug|Any CPU
		{7DBFACCA-893A-462E-8AE7-8EBE8739EDC7}.Release|Any CPU.ActiveCfg = Release|Any CPU
		{7DBFACCA-893A-462E-8AE7-8EBE8739EDC7}.Release|Any CPU.Build.0 = Release|Any CPU
	EndGlobalSection
	GlobalSection(SolutionProperties) = preSolution
		HideSolutionNode = FALSE
	EndGlobalSection
	GlobalSection(ExtensibilityGlobals) = postSolution
		SolutionGuid = {8336DE35-4CE0-401A-98E9-0889F3188E16}
	EndGlobalSection
EndGlobal
